
Microsoft Visual Studio Solution File, Format Version 12.00
# Visual Studio Version 17
VisualStudioVersion = 17.8.34330.188
MinimumVisualStudioVersion = 10.0.40219.1
Project("{FAE04EC0-301F-11D3-BF4B-00C04F79EFBC}") = "RazorPagesWebApplication1", "RazorPagesWebApplication1\RazorPagesWebApplication1.csproj", "{957DAADA-A5D5-484B-BE2C-7572CDFE5E6F}"
EndProject
Global
	GlobalSection(SolutionConfigurationPlatforms) = preSolution
		Debug|Any CPU = Debug|Any CPU
		Release|Any CPU = Release|Any CPU
	EndGlobalSection
	GlobalSection(ProjectConfigurationPlatforms) = postSolution
		{957DAADA-A5D5-484B-BE2C-7572CDFE5E6F}.Debug|Any CPU.ActiveCfg = Debug|Any CPU
		{957DAADA-A5D5-484B-BE2C-7572CDFE5E6F}.Debug|Any CPU.Build.0 = Debug|Any CPU
		{957DAADA-A5D5-484B-BE2C-7572CDFE5E6F}.Release|Any CPU.ActiveCfg = Release|Any CPU
		{957DAADA-A5D5-484B-BE2C-7572CDFE5E6F}.Release|Any CPU.Build.0 = Release|Any CPU
	EndGlobalSection
	GlobalSection(SolutionProperties) = preSolution
		HideSolutionNode = FALSE
	EndGlobalSection
	GlobalSection(ExtensibilityGlobals) = postSolution
		SolutionGuid = {B07D1B04-EB11-45CD-B78B-60CEA978780F}
	EndGlobalSection
EndGlobal
